
Microsoft Visual Studio Solution File, Format Version 12.00
Project("{FAE04EC0-301F-11D3-BF4B-00C04F79EFBC}") = "Neural.Core", "Neural.Core\Neural.Core.csproj", "{2E4E683A-4475-4B22-9BBE-2B399D5E79DA}"
EndProject
Project("{2150E333-8FDC-42A3-9474-1A3956D46DE8}") = "tests", "tests", "{5D5DAD5B-9A40-4785-844D-16E04761B8EF}"
EndProject
Project("{FAE04EC0-301F-11D3-BF4B-00C04F79EFBC}") = "Neural.Core.Tests", "tests\Neural.Core.Tests\Neural.Core.Tests.csproj", "{A5AE9DCB-EBDC-4ED4-BEFD-8A29F16A48A6}"
EndProject
Project("{FAE04EC0-301F-11D3-BF4B-00C04F79EFBC}") = "Neural.Defaults", "Neural.Defaults\Neural.Defaults.csproj", "{F07B958F-281F-4E5B-9A0B-024B46FDEA07}"
EndProject
Project("{FAE04EC0-301F-11D3-BF4B-00C04F79EFBC}") = "Neural.Defaults.Tests", "tests\Neural.Defaults.Tests\Neural.Defaults.Tests.csproj", "{11D2F477-82CD-40E5-9440-9747026B4357}"
EndProject
Project("{FAE04EC0-301F-11D3-BF4B-00C04F79EFBC}") = "Neural.Tests.Common", "tests\Neural.Tests.Common\Neural.Tests.Common.csproj", "{4AE1495D-10E8-4C43-BF72-C2DFAE520576}"
EndProject
Project("{2150E333-8FDC-42A3-9474-1A3956D46DE8}") = "Samples", "Samples", "{32C8F289-225F-4736-B7AE-627AB9B86704}"
EndProject
Project("{FAE04EC0-301F-11D3-BF4B-00C04F79EFBC}") = "Neural.Samples.BackgroundHelloWorld", "Samples\Neural.Samples.BackgroundHelloWorld\Neural.Samples.BackgroundHelloWorld.csproj", "{C0E9C26B-DB83-480D-8081-874CF65D87BC}"
EndProject
Project("{FAE04EC0-301F-11D3-BF4B-00C04F79EFBC}") = "Neural.Samples.SumOfNumbersCluster", "Samples\Neural.Samples.SumOfNumbersCluster\Neural.Samples.SumOfNumbersCluster.csproj", "{EE10789B-31DC-4B3D-9007-7D56AC717DB9}"
EndProject
Project("{FAE04EC0-301F-11D3-BF4B-00C04F79EFBC}") = "Neural.Samples.HelloSumOfNumberPipeline", "Samples\Neural.Samples.HelloSumOfNumberPipeline\Neural.Samples.HelloSumOfNumberPipeline.csproj", "{E858FB14-1923-4FBC-B683-FBC43DF2A167}"
EndProject
Project("{FAE04EC0-301F-11D3-BF4B-00C04F79EFBC}") = "Neural.Onnx", "Neural.Onnx\Neural.Onnx.csproj", "{FEDB3FFB-1F65-40C6-BD53-4748183C0E88}"
EndProject
Project("{FAE04EC0-301F-11D3-BF4B-00C04F79EFBC}") = "Neural.Tests.Onnx", "tests\Neural.Tests.Onnx\Neural.Tests.Onnx.csproj", "{1618DA02-04C5-49D3-86FB-FE682C8EBAFE}"
EndProject
Global
	GlobalSection(SolutionConfigurationPlatforms) = preSolution
		Debug|Any CPU = Debug|Any CPU
		Release|Any CPU = Release|Any CPU
	EndGlobalSection
	GlobalSection(ProjectConfigurationPlatforms) = postSolution
		{2E4E683A-4475-4B22-9BBE-2B399D5E79DA}.Debug|Any CPU.ActiveCfg = Debug|Any CPU
		{2E4E683A-4475-4B22-9BBE-2B399D5E79DA}.Debug|Any CPU.Build.0 = Debug|Any CPU
		{2E4E683A-4475-4B22-9BBE-2B399D5E79DA}.Release|Any CPU.ActiveCfg = Release|Any CPU
		{2E4E683A-4475-4B22-9BBE-2B399D5E79DA}.Release|Any CPU.Build.0 = Release|Any CPU
		{A5AE9DCB-EBDC-4ED4-BEFD-8A29F16A48A6}.Debug|Any CPU.ActiveCfg = Debug|Any CPU
		{A5AE9DCB-EBDC-4ED4-BEFD-8A29F16A48A6}.Debug|Any CPU.Build.0 = Debug|Any CPU
		{A5AE9DCB-EBDC-4ED4-BEFD-8A29F16A48A6}.Release|Any CPU.ActiveCfg = Release|Any CPU
		{A5AE9DCB-EBDC-4ED4-BEFD-8A29F16A48A6}.Release|Any CPU.Build.0 = Release|Any CPU
		{F07B958F-281F-4E5B-9A0B-024B46FDEA07}.Debug|Any CPU.ActiveCfg = Debug|Any CPU
		{F07B958F-281F-4E5B-9A0B-024B46FDEA07}.Debug|Any CPU.Build.0 = Debug|Any CPU
		{F07B958F-281F-4E5B-9A0B-024B46FDEA07}.Release|Any CPU.ActiveCfg = Release|Any CPU
		{F07B958F-281F-4E5B-9A0B-024B46FDEA07}.Release|Any CPU.Build.0 = Release|Any CPU
		{11D2F477-82CD-40E5-9440-9747026B4357}.Debug|Any CPU.ActiveCfg = Debug|Any CPU
		{11D2F477-82CD-40E5-9440-9747026B4357}.Debug|Any CPU.Build.0 = Debug|Any CPU
		{11D2F477-82CD-40E5-9440-9747026B4357}.Release|Any CPU.ActiveCfg = Release|Any CPU
		{11D2F477-82CD-40E5-9440-9747026B4357}.Release|Any CPU.Build.0 = Release|Any CPU
		{4AE1495D-10E8-4C43-BF72-C2DFAE520576}.Debug|Any CPU.ActiveCfg = Debug|Any CPU
		{4AE1495D-10E8-4C43-BF72-C2DFAE520576}.Debug|Any CPU.Build.0 = Debug|Any CPU
		{4AE1495D-10E8-4C43-BF72-C2DFAE520576}.Release|Any CPU.ActiveCfg = Release|Any CPU
		{4AE1495D-10E8-4C43-BF72-C2DFAE520576}.Release|Any CPU.Build.0 = Release|Any CPU
		{C0E9C26B-DB83-480D-8081-874CF65D87BC}.Debug|Any CPU.ActiveCfg = Debug|Any CPU
		{C0E9C26B-DB83-480D-8081-874CF65D87BC}.Debug|Any CPU.Build.0 = Debug|Any CPU
		{C0E9C26B-DB83-480D-8081-874CF65D87BC}.Release|Any CPU.ActiveCfg = Release|Any CPU
		{C0E9C26B-DB83-480D-8081-874CF65D87BC}.Release|Any CPU.Build.0 = Release|Any CPU
		{EE10789B-31DC-4B3D-9007-7D56AC717DB9}.Debug|Any CPU.ActiveCfg = Debug|Any CPU
		{EE10789B-31DC-4B3D-9007-7D56AC717DB9}.Debug|Any CPU.Build.0 = Debug|Any CPU
		{EE10789B-31DC-4B3D-9007-7D56AC717DB9}.Release|Any CPU.ActiveCfg = Release|Any CPU
		{EE10789B-31DC-4B3D-9007-7D56AC717DB9}.Release|Any CPU.Build.0 = Release|Any CPU
		{E858FB14-1923-4FBC-B683-FBC43DF2A167}.Debug|Any CPU.ActiveCfg = Debug|Any CPU
		{E858FB14-1923-4FBC-B683-FBC43DF2A167}.Debug|Any CPU.Build.0 = Debug|Any CPU
		{E858FB14-1923-4FBC-B683-FBC43DF2A167}.Release|Any CPU.ActiveCfg = Release|Any CPU
		{E858FB14-1923-4FBC-B683-FBC43DF2A167}.Release|Any CPU.Build.0 = Release|Any CPU
		{FEDB3FFB-1F65-40C6-BD53-4748183C0E88}.Debug|Any CPU.ActiveCfg = Debug|Any CPU
		{FEDB3FFB-1F65-40C6-BD53-4748183C0E88}.Debug|Any CPU.Build.0 = Debug|Any CPU
		{FEDB3FFB-1F65-40C6-BD53-4748183C0E88}.Release|Any CPU.ActiveCfg = Release|Any CPU
		{FEDB3FFB-1F65-40C6-BD53-4748183C0E88}.Release|Any CPU.Build.0 = Release|Any CPU
		{1618DA02-04C5-49D3-86FB-FE682C8EBAFE}.Debug|Any CPU.ActiveCfg = Debug|Any CPU
		{1618DA02-04C5-49D3-86FB-FE682C8EBAFE}.Debug|Any CPU.Build.0 = Debug|Any CPU
		{1618DA02-04C5-49D3-86FB-FE682C8EBAFE}.Release|Any CPU.ActiveCfg = Release|Any CPU
		{1618DA02-04C5-49D3-86FB-FE682C8EBAFE}.Release|Any CPU.Build.0 = Release|Any CPU
	EndGlobalSection
	GlobalSection(NestedProjects) = preSolution
		{A5AE9DCB-EBDC-4ED4-BEFD-8A29F16A48A6} = {5D5DAD5B-9A40-4785-844D-16E04761B8EF}
		{11D2F477-82CD-40E5-9440-9747026B4357} = {5D5DAD5B-9A40-4785-844D-16E04761B8EF}
		{4AE1495D-10E8-4C43-BF72-C2DFAE520576} = {5D5DAD5B-9A40-4785-844D-16E04761B8EF}
		{C0E9C26B-DB83-480D-8081-874CF65D87BC} = {32C8F289-225F-4736-B7AE-627AB9B86704}
		{EE10789B-31DC-4B3D-9007-7D56AC717DB9} = {32C8F289-225F-4736-B7AE-627AB9B86704}
		{E858FB14-1923-4FBC-B683-FBC43DF2A167} = {32C8F289-225F-4736-B7AE-627AB9B86704}
		{1618DA02-04C5-49D3-86FB-FE682C8EBAFE} = {5D5DAD5B-9A40-4785-844D-16E04761B8EF}
	EndGlobalSection
EndGlobal
