
Microsoft Visual Studio Solution File, Format Version 12.00
Project("{2150E333-8FDC-42A3-9474-1A3956D46DE8}") = "Client", "Client", "{FAF06995-DBE6-4035-BE23-23B0C3197B1D}"
EndProject
Project("{FAE04EC0-301F-11D3-BF4B-00C04F79EFBC}") = "PersonDetection.Client", "Client\PersonDetection.Client\PersonDetection.Client.csproj", "{17C5C1B0-3927-4949-BCB0-946F88921239}"
EndProject
Project("{FAE04EC0-301F-11D3-BF4B-00C04F79EFBC}") = "PersonDetection.Client.Application", "Client\PersonDetection.Client.Application\PersonDetection.Client.Application.csproj", "{66F80A84-85C9-437D-8750-AC9EEE28D262}"
EndProject
Project("{FAE04EC0-301F-11D3-BF4B-00C04F79EFBC}") = "PersonDetection.Client.Infrastructure", "Client\PersonDetection.Client.Infrastructure\PersonDetection.Client.Infrastructure.csproj", "{A051362F-3615-4631-97C3-6F0D98D51D58}"
EndProject
Project("{2150E333-8FDC-42A3-9474-1A3956D46DE8}") = "Backend", "Backend", "{9BD70682-5AF0-4489-AB1F-2F0E803E5396}"
EndProject
Project("{2150E333-8FDC-42A3-9474-1A3956D46DE8}") = "ImageProcessing", "ImageProcessing", "{BFBEE1DB-A4D0-4734-A833-2FA33905AF9C}"
EndProject
Project("{FAE04EC0-301F-11D3-BF4B-00C04F79EFBC}") = "PersonDetection.ImageProcessing", "ImageProcessing\PersonDetection.ImageProcessing\PersonDetection.ImageProcessing.csproj", "{3D57A96E-3C37-46C7-A7BF-C00F7538FA43}"
EndProject
Project("{FAE04EC0-301F-11D3-BF4B-00C04F79EFBC}") = "PersonDetection.ImageProcessing.Model", "ImageProcessing\PersonDetection.ImageProcessing.Model\PersonDetection.ImageProcessing.Model.csproj", "{9F130C43-AA5E-47A0-B7A7-CB9123D83D18}"
EndProject
Project("{FAE04EC0-301F-11D3-BF4B-00C04F79EFBC}") = "PersonDetection.Backend.Web", "Backend\PersonDetection.Backend.Web\PersonDetection.Backend.Web.csproj", "{4F07D2E4-1B9F-494A-B915-596AF44A86E0}"
EndProject
Project("{FAE04EC0-301F-11D3-BF4B-00C04F79EFBC}") = "PersonDetection.Backend.Infrastructure", "Backend\PersonDetection.Backend.Infrastructure\PersonDetection.Backend.Infrastructure.csproj", "{9E5E8934-5673-4262-BE52-CA0A71DFAD58}"
EndProject
Project("{FAE04EC0-301F-11D3-BF4B-00C04F79EFBC}") = "PersonDetection.Backend.Application", "Backend\PersonDetection.Backend.Application\PersonDetection.Backend.Application.csproj", "{7F50D738-CC12-45CA-8B2E-0EFF11E47282}"
EndProject
Project("{2150E333-8FDC-42A3-9474-1A3956D46DE8}") = "tests", "tests", "{3312AB32-5E5A-44F2-8DF1-71A3DB5E48C2}"
EndProject
Project("{FAE04EC0-301F-11D3-BF4B-00C04F79EFBC}") = "PersonDetection.Backend.Application.Tests", "Backend\tests\PersonDetection.Backend.Application.Tests\PersonDetection.Backend.Application.Tests.csproj", "{00F11423-D07A-4A05-9892-EBC9B472CB86}"
EndProject
Project("{2150E333-8FDC-42A3-9474-1A3956D46DE8}") = "Deploy", "Deploy", "{37BC8D71-5CF1-4073-B087-8BA1DD16800E}"
	ProjectSection(SolutionItems) = preProject
		Backend\Deploy\docker-compose.yml = Backend\Deploy\docker-compose.yml
	EndProjectSection
EndProject
Project("{FAE04EC0-301F-11D3-BF4B-00C04F79EFBC}") = "PersonDetection.ImageSegmentation", "ImageProcessing\PersonDetection.ImageSegmentation\PersonDetection.ImageSegmentation.csproj", "{EABE5C0B-DCB4-4729-96FC-CB969C1E2E48}"
EndProject
Project("{FAE04EC0-301F-11D3-BF4B-00C04F79EFBC}") = "PersonDetection.ImageSegmentation.Model", "ImageProcessing\PersonDetection.ImageSegmentation.Model\PersonDetection.ImageSegmentation.Model.csproj", "{DDAEC020-13BA-4F4F-AD90-805408F97083}"
EndProject
Global
	GlobalSection(SolutionConfigurationPlatforms) = preSolution
		Debug|Any CPU = Debug|Any CPU
		Release|Any CPU = Release|Any CPU
	EndGlobalSection
	GlobalSection(ProjectConfigurationPlatforms) = postSolution
		{17C5C1B0-3927-4949-BCB0-946F88921239}.Debug|Any CPU.ActiveCfg = Debug|Any CPU
		{17C5C1B0-3927-4949-BCB0-946F88921239}.Debug|Any CPU.Build.0 = Debug|Any CPU
		{17C5C1B0-3927-4949-BCB0-946F88921239}.Release|Any CPU.ActiveCfg = Release|Any CPU
		{17C5C1B0-3927-4949-BCB0-946F88921239}.Release|Any CPU.Build.0 = Release|Any CPU
		{66F80A84-85C9-437D-8750-AC9EEE28D262}.Debug|Any CPU.ActiveCfg = Debug|Any CPU
		{66F80A84-85C9-437D-8750-AC9EEE28D262}.Debug|Any CPU.Build.0 = Debug|Any CPU
		{66F80A84-85C9-437D-8750-AC9EEE28D262}.Release|Any CPU.ActiveCfg = Release|Any CPU
		{66F80A84-85C9-437D-8750-AC9EEE28D262}.Release|Any CPU.Build.0 = Release|Any CPU
		{A051362F-3615-4631-97C3-6F0D98D51D58}.Debug|Any CPU.ActiveCfg = Debug|Any CPU
		{A051362F-3615-4631-97C3-6F0D98D51D58}.Debug|Any CPU.Build.0 = Debug|Any CPU
		{A051362F-3615-4631-97C3-6F0D98D51D58}.Release|Any CPU.ActiveCfg = Release|Any CPU
		{A051362F-3615-4631-97C3-6F0D98D51D58}.Release|Any CPU.Build.0 = Release|Any CPU
		{3D57A96E-3C37-46C7-A7BF-C00F7538FA43}.Debug|Any CPU.ActiveCfg = Debug|Any CPU
		{3D57A96E-3C37-46C7-A7BF-C00F7538FA43}.Debug|Any CPU.Build.0 = Debug|Any CPU
		{3D57A96E-3C37-46C7-A7BF-C00F7538FA43}.Release|Any CPU.ActiveCfg = Release|Any CPU
		{3D57A96E-3C37-46C7-A7BF-C00F7538FA43}.Release|Any CPU.Build.0 = Release|Any CPU
		{9F130C43-AA5E-47A0-B7A7-CB9123D83D18}.Debug|Any CPU.ActiveCfg = Debug|Any CPU
		{9F130C43-AA5E-47A0-B7A7-CB9123D83D18}.Debug|Any CPU.Build.0 = Debug|Any CPU
		{9F130C43-AA5E-47A0-B7A7-CB9123D83D18}.Release|Any CPU.ActiveCfg = Release|Any CPU
		{9F130C43-AA5E-47A0-B7A7-CB9123D83D18}.Release|Any CPU.Build.0 = Release|Any CPU
		{4F07D2E4-1B9F-494A-B915-596AF44A86E0}.Debug|Any CPU.ActiveCfg = Debug|Any CPU
		{4F07D2E4-1B9F-494A-B915-596AF44A86E0}.Debug|Any CPU.Build.0 = Debug|Any CPU
		{4F07D2E4-1B9F-494A-B915-596AF44A86E0}.Release|Any CPU.ActiveCfg = Release|Any CPU
		{4F07D2E4-1B9F-494A-B915-596AF44A86E0}.Release|Any CPU.Build.0 = Release|Any CPU
		{9E5E8934-5673-4262-BE52-CA0A71DFAD58}.Debug|Any CPU.ActiveCfg = Debug|Any CPU
		{9E5E8934-5673-4262-BE52-CA0A71DFAD58}.Debug|Any CPU.Build.0 = Debug|Any CPU
		{9E5E8934-5673-4262-BE52-CA0A71DFAD58}.Release|Any CPU.ActiveCfg = Release|Any CPU
		{9E5E8934-5673-4262-BE52-CA0A71DFAD58}.Release|Any CPU.Build.0 = Release|Any CPU
		{7F50D738-CC12-45CA-8B2E-0EFF11E47282}.Debug|Any CPU.ActiveCfg = Debug|Any CPU
		{7F50D738-CC12-45CA-8B2E-0EFF11E47282}.Debug|Any CPU.Build.0 = Debug|Any CPU
		{7F50D738-CC12-45CA-8B2E-0EFF11E47282}.Release|Any CPU.ActiveCfg = Release|Any CPU
		{7F50D738-CC12-45CA-8B2E-0EFF11E47282}.Release|Any CPU.Build.0 = Release|Any CPU
		{00F11423-D07A-4A05-9892-EBC9B472CB86}.Debug|Any CPU.ActiveCfg = Debug|Any CPU
		{00F11423-D07A-4A05-9892-EBC9B472CB86}.Debug|Any CPU.Build.0 = Debug|Any CPU
		{00F11423-D07A-4A05-9892-EBC9B472CB86}.Release|Any CPU.ActiveCfg = Release|Any CPU
		{00F11423-D07A-4A05-9892-EBC9B472CB86}.Release|Any CPU.Build.0 = Release|Any CPU
		{EABE5C0B-DCB4-4729-96FC-CB969C1E2E48}.Debug|Any CPU.ActiveCfg = Debug|Any CPU
		{EABE5C0B-DCB4-4729-96FC-CB969C1E2E48}.Debug|Any CPU.Build.0 = Debug|Any CPU
		{EABE5C0B-DCB4-4729-96FC-CB969C1E2E48}.Release|Any CPU.ActiveCfg = Release|Any CPU
		{EABE5C0B-DCB4-4729-96FC-CB969C1E2E48}.Release|Any CPU.Build.0 = Release|Any CPU
		{DDAEC020-13BA-4F4F-AD90-805408F97083}.Debug|Any CPU.ActiveCfg = Debug|Any CPU
		{DDAEC020-13BA-4F4F-AD90-805408F97083}.Debug|Any CPU.Build.0 = Debug|Any CPU
		{DDAEC020-13BA-4F4F-AD90-805408F97083}.Release|Any CPU.ActiveCfg = Release|Any CPU
		{DDAEC020-13BA-4F4F-AD90-805408F97083}.Release|Any CPU.Build.0 = Release|Any CPU
	EndGlobalSection
	GlobalSection(NestedProjects) = preSolution
		{17C5C1B0-3927-4949-BCB0-946F88921239} = {FAF06995-DBE6-4035-BE23-23B0C3197B1D}
		{66F80A84-85C9-437D-8750-AC9EEE28D262} = {FAF06995-DBE6-4035-BE23-23B0C3197B1D}
		{A051362F-3615-4631-97C3-6F0D98D51D58} = {FAF06995-DBE6-4035-BE23-23B0C3197B1D}
		{3D57A96E-3C37-46C7-A7BF-C00F7538FA43} = {BFBEE1DB-A4D0-4734-A833-2FA33905AF9C}
		{9F130C43-AA5E-47A0-B7A7-CB9123D83D18} = {BFBEE1DB-A4D0-4734-A833-2FA33905AF9C}
		{4F07D2E4-1B9F-494A-B915-596AF44A86E0} = {9BD70682-5AF0-4489-AB1F-2F0E803E5396}
		{9E5E8934-5673-4262-BE52-CA0A71DFAD58} = {9BD70682-5AF0-4489-AB1F-2F0E803E5396}
		{7F50D738-CC12-45CA-8B2E-0EFF11E47282} = {9BD70682-5AF0-4489-AB1F-2F0E803E5396}
		{3312AB32-5E5A-44F2-8DF1-71A3DB5E48C2} = {9BD70682-5AF0-4489-AB1F-2F0E803E5396}
		{00F11423-D07A-4A05-9892-EBC9B472CB86} = {3312AB32-5E5A-44F2-8DF1-71A3DB5E48C2}
		{37BC8D71-5CF1-4073-B087-8BA1DD16800E} = {9BD70682-5AF0-4489-AB1F-2F0E803E5396}
		{EABE5C0B-DCB4-4729-96FC-CB969C1E2E48} = {BFBEE1DB-A4D0-4734-A833-2FA33905AF9C}
		{DDAEC020-13BA-4F4F-AD90-805408F97083} = {BFBEE1DB-A4D0-4734-A833-2FA33905AF9C}
	EndGlobalSection
EndGlobal
