
Microsoft Visual Studio Solution File, Format Version 12.00
# Visual Studio Version 17
VisualStudioVersion = 17.5.002.0
MinimumVisualStudioVersion = 10.0.40219.1
Project("{9A19103F-16F7-4668-BE54-9A1E7A4F7556}") = "PersonDetection.ImageProcessing.Model", "PersonDetection.ImageProcessing.Model\PersonDetection.ImageProcessing.Model.csproj", "{99C207E8-6EFE-4A73-A039-1D8C3974875C}"
EndProject
Project("{9A19103F-16F7-4668-BE54-9A1E7A4F7556}") = "PersonDetection.ImageSegmentation.Model", "PersonDetection.ImageSegmentation.Model\PersonDetection.ImageSegmentation.Model.csproj", "{35FEA4E7-B938-4A40-9952-6B26F2BE1057}"
EndProject
Project("{9A19103F-16F7-4668-BE54-9A1E7A4F7556}") = "PersonDetection.ImageSegmentation", "PersonDetection.ImageSegmentation\PersonDetection.ImageSegmentation.csproj", "{5DC7510E-0FA8-4E87-AF1B-89266590C2EB}"
EndProject
Project("{9A19103F-16F7-4668-BE54-9A1E7A4F7556}") = "PersonDetection.ImageProcessing", "PersonDetection.ImageProcessing\PersonDetection.ImageProcessing.csproj", "{CD2AB9F0-1EFB-4E63-8298-2740DB62C3FD}"
EndProject
Global
	GlobalSection(SolutionConfigurationPlatforms) = preSolution
		Debug|Any CPU = Debug|Any CPU
		Release|Any CPU = Release|Any CPU
	EndGlobalSection
	GlobalSection(ProjectConfigurationPlatforms) = postSolution
		{99C207E8-6EFE-4A73-A039-1D8C3974875C}.Debug|Any CPU.ActiveCfg = Debug|Any CPU
		{99C207E8-6EFE-4A73-A039-1D8C3974875C}.Debug|Any CPU.Build.0 = Debug|Any CPU
		{99C207E8-6EFE-4A73-A039-1D8C3974875C}.Release|Any CPU.ActiveCfg = Release|Any CPU
		{99C207E8-6EFE-4A73-A039-1D8C3974875C}.Release|Any CPU.Build.0 = Release|Any CPU
		{35FEA4E7-B938-4A40-9952-6B26F2BE1057}.Debug|Any CPU.ActiveCfg = Debug|Any CPU
		{35FEA4E7-B938-4A40-9952-6B26F2BE1057}.Debug|Any CPU.Build.0 = Debug|Any CPU
		{35FEA4E7-B938-4A40-9952-6B26F2BE1057}.Release|Any CPU.ActiveCfg = Release|Any CPU
		{35FEA4E7-B938-4A40-9952-6B26F2BE1057}.Release|Any CPU.Build.0 = Release|Any CPU
		{5DC7510E-0FA8-4E87-AF1B-89266590C2EB}.Debug|Any CPU.ActiveCfg = Debug|Any CPU
		{5DC7510E-0FA8-4E87-AF1B-89266590C2EB}.Debug|Any CPU.Build.0 = Debug|Any CPU
		{5DC7510E-0FA8-4E87-AF1B-89266590C2EB}.Release|Any CPU.ActiveCfg = Release|Any CPU
		{5DC7510E-0FA8-4E87-AF1B-89266590C2EB}.Release|Any CPU.Build.0 = Release|Any CPU
		{CD2AB9F0-1EFB-4E63-8298-2740DB62C3FD}.Debug|Any CPU.ActiveCfg = Debug|Any CPU
		{CD2AB9F0-1EFB-4E63-8298-2740DB62C3FD}.Debug|Any CPU.Build.0 = Debug|Any CPU
		{CD2AB9F0-1EFB-4E63-8298-2740DB62C3FD}.Release|Any CPU.ActiveCfg = Release|Any CPU
		{CD2AB9F0-1EFB-4E63-8298-2740DB62C3FD}.Release|Any CPU.Build.0 = Release|Any CPU
	EndGlobalSection
	GlobalSection(SolutionProperties) = preSolution
		HideSolutionNode = FALSE
	EndGlobalSection
	GlobalSection(ExtensibilityGlobals) = postSolution
		SolutionGuid = {FD37B04D-0020-49F0-9840-F726E34019DD}
	EndGlobalSection
EndGlobal
